
Microsoft Visual Studio Solution File, Format Version 12.00
# Visual Studio 15
VisualStudioVersion = 15.0.27703.2035
MinimumVisualStudioVersion = 10.0.40219.1
Project("{FAE04EC0-301F-11D3-BF4B-00C04F79EFBC}") = "Example.Hello", "src\Example.Hello\Example.Hello.csproj", "{7EE6031E-9B32-4428-AF91-7AB809456585}"
EndProject
Project("{FAE04EC0-301F-11D3-BF4B-00C04F79EFBC}") = "Example.World", "src\Example.World\Example.World.csproj", "{2BA25B23-46AC-4D81-A121-D57CE313EBDF}"
EndProject
Project("{2150E333-8FDC-42A3-9474-1A3956D46DE8}") = "src", "src", "{792AB0FA-CF5F-4B29-A734-3420C78777BB}"
EndProject
Project("{2150E333-8FDC-42A3-9474-1A3956D46DE8}") = "test", "test", "{7333F771-D8A9-4B27-90B8-F695A9AD413D}"
EndProject
Project("{2150E333-8FDC-42A3-9474-1A3956D46DE8}") = "build", "build", "{82A6D528-32F8-4B4E-A278-7894F1BDAB9E}"
	ProjectSection(SolutionItems) = preProject
		.vsts-ci.yaml = .vsts-ci.yaml
		Directory.Build.props = Directory.Build.props
		Directory.Build.targets = Directory.Build.targets
	EndProjectSection
EndProject
Project("{FAE04EC0-301F-11D3-BF4B-00C04F79EFBC}") = "Example.UnitTests", "test\Example.UnitTests\Example.UnitTests.csproj", "{8BF29CBF-36BB-4905-AE4C-30B47168CD83}"
EndProject
Global
	GlobalSection(SolutionConfigurationPlatforms) = preSolution
		Debug|Any CPU = Debug|Any CPU
		Release|Any CPU = Release|Any CPU
	EndGlobalSection
	GlobalSection(ProjectConfigurationPlatforms) = postSolution
		{7EE6031E-9B32-4428-AF91-7AB809456585}.Debug|Any CPU.ActiveCfg = Debug|Any CPU
		{7EE6031E-9B32-4428-AF91-7AB809456585}.Debug|Any CPU.Build.0 = Debug|Any CPU
		{7EE6031E-9B32-4428-AF91-7AB809456585}.Release|Any CPU.ActiveCfg = Release|Any CPU
		{7EE6031E-9B32-4428-AF91-7AB809456585}.Release|Any CPU.Build.0 = Release|Any CPU
		{2BA25B23-46AC-4D81-A121-D57CE313EBDF}.Debug|Any CPU.ActiveCfg = Debug|Any CPU
		{2BA25B23-46AC-4D81-A121-D57CE313EBDF}.Debug|Any CPU.Build.0 = Debug|Any CPU
		{2BA25B23-46AC-4D81-A121-D57CE313EBDF}.Release|Any CPU.ActiveCfg = Release|Any CPU
		{2BA25B23-46AC-4D81-A121-D57CE313EBDF}.Release|Any CPU.Build.0 = Release|Any CPU
		{8BF29CBF-36BB-4905-AE4C-30B47168CD83}.Debug|Any CPU.ActiveCfg = Debug|Any CPU
		{8BF29CBF-36BB-4905-AE4C-30B47168CD83}.Debug|Any CPU.Build.0 = Debug|Any CPU
		{8BF29CBF-36BB-4905-AE4C-30B47168CD83}.Release|Any CPU.ActiveCfg = Release|Any CPU
		{8BF29CBF-36BB-4905-AE4C-30B47168CD83}.Release|Any CPU.Build.0 = Release|Any CPU
	EndGlobalSection
	GlobalSection(SolutionProperties) = preSolution
		HideSolutionNode = FALSE
	EndGlobalSection
	GlobalSection(NestedProjects) = preSolution
		{7EE6031E-9B32-4428-AF91-7AB809456585} = {792AB0FA-CF5F-4B29-A734-3420C78777BB}
		{2BA25B23-46AC-4D81-A121-D57CE313EBDF} = {792AB0FA-CF5F-4B29-A734-3420C78777BB}
		{8BF29CBF-36BB-4905-AE4C-30B47168CD83} = {7333F771-D8A9-4B27-90B8-F695A9AD413D}
	EndGlobalSection
	GlobalSection(ExtensibilityGlobals) = postSolution
		SolutionGuid = {843521D2-F4EA-4F05-8B83-003515F81CD5}
	EndGlobalSection
EndGlobal
